
Microsoft Visual Studio Solution File, Format Version 12.00
# Visual Studio Version 17
VisualStudioVersion = 17.9.34723.18
MinimumVisualStudioVersion = 10.0.40219.1
Project("{FAE04EC0-301F-11D3-BF4B-00C04F79EFBC}") = "week2", "week2\week2.csproj", "{20FC373F-D172-4F7B-AC46-155410660231}"
EndProject
Global
	GlobalSection(SolutionConfigurationPlatforms) = preSolution
		Debug|Any CPU = Debug|Any CPU
		Release|Any CPU = Release|Any CPU
	EndGlobalSection
	GlobalSection(ProjectConfigurationPlatforms) = postSolution
		{20FC373F-D172-4F7B-AC46-155410660231}.Debug|Any CPU.ActiveCfg = Debug|Any CPU
		{20FC373F-D172-4F7B-AC46-155410660231}.Debug|Any CPU.Build.0 = Debug|Any CPU
		{20FC373F-D172-4F7B-AC46-155410660231}.Release|Any CPU.ActiveCfg = Release|Any CPU
		{20FC373F-D172-4F7B-AC46-155410660231}.Release|Any CPU.Build.0 = Release|Any CPU
	EndGlobalSection
	GlobalSection(SolutionProperties) = preSolution
		HideSolutionNode = FALSE
	EndGlobalSection
	GlobalSection(ExtensibilityGlobals) = postSolution
		SolutionGuid = {56E88769-0F3C-4447-BA5C-D63608773DAF}
	EndGlobalSection
EndGlobal
